// !$*UTF8*$!
{
	archiveVersion = 1;
	classes = {
	};
	objectVersion = 56;
	objects = {

/* Begin PBXBuildFile section */
		310BC609290D10FE0059D04A /* CommandLineParser.swift in Sources */ = {isa = PBXBuildFile; fileRef = 310BC608290D10FE0059D04A /* CommandLineParser.swift */; };
		310BC60B290D11C20059D04A /* Modules.swift in Sources */ = {isa = PBXBuildFile; fileRef = 310BC60A290D11C20059D04A /* Modules.swift */; };
		315E7757290C14CA0069A47B /* main.swift in Sources */ = {isa = PBXBuildFile; fileRef = 315E7756290C14CA0069A47B /* main.swift */; };
		315E775E290C17E30069A47B /* SoftwareVersion.swift in Sources */ = {isa = PBXBuildFile; fileRef = 315E775D290C17E30069A47B /* SoftwareVersion.swift */; };
		315E7761290C6AE30069A47B /* SwiftSoup in Frameworks */ = {isa = PBXBuildFile; productRef = 315E7760290C6AE30069A47B /* SwiftSoup */; };
/* End PBXBuildFile section */

/* Begin PBXCopyFilesBuildPhase section */
		315E7751290C14CA0069A47B /* CopyFiles */ = {
			isa = PBXCopyFilesBuildPhase;
			buildActionMask = 2147483647;
			dstPath = /usr/share/man/man1/;
			dstSubfolderSpec = 0;
			files = (
			);
			runOnlyForDeploymentPostprocessing = 1;
		};
/* End PBXCopyFilesBuildPhase section */

/* Begin PBXFileReference section */
		310BC608290D10FE0059D04A /* CommandLineParser.swift */ = {isa = PBXFileReference; lastKnownFileType = sourcecode.swift; path = CommandLineParser.swift; sourceTree = "<group>"; };
		310BC60A290D11C20059D04A /* Modules.swift */ = {isa = PBXFileReference; lastKnownFileType = sourcecode.swift; path = Modules.swift; sourceTree = "<group>"; };
		315E7753290C14CA0069A47B /* keychain */ = {isa = PBXFileReference; explicitFileType = "compiled.mach-o.executable"; includeInIndex = 0; path = keychain; sourceTree = BUILT_PRODUCTS_DIR; };
		315E7756290C14CA0069A47B /* main.swift */ = {isa = PBXFileReference; lastKnownFileType = sourcecode.swift; path = main.swift; sourceTree = "<group>"; };
		315E775D290C17E30069A47B /* SoftwareVersion.swift */ = {isa = PBXFileReference; lastKnownFileType = sourcecode.swift; path = SoftwareVersion.swift; sourceTree = "<group>"; };
/* End PBXFileReference section */

/* Begin PBXFrameworksBuildPhase section */
		315E7750290C14CA0069A47B /* Frameworks */ = {
			isa = PBXFrameworksBuildPhase;
			buildActionMask = 2147483647;
			files = (
				315E7761290C6AE30069A47B /* SwiftSoup in Frameworks */,
			);
			runOnlyForDeploymentPostprocessing = 0;
		};
/* End PBXFrameworksBuildPhase section */

/* Begin PBXGroup section */
		315E774A290C14CA0069A47B = {
			isa = PBXGroup;
			children = (
				315E7755290C14CA0069A47B /* Keychain */,
				315E7754290C14CA0069A47B /* Products */,
			);
			sourceTree = "<group>";
		};
		315E7754290C14CA0069A47B /* Products */ = {
			isa = PBXGroup;
			children = (
				315E7753290C14CA0069A47B /* keychain */,
			);
			name = Products;
			sourceTree = "<group>";
		};
		315E7755290C14CA0069A47B /* Keychain */ = {
			isa = PBXGroup;
			children = (
				315E7756290C14CA0069A47B /* main.swift */,
				315E775D290C17E30069A47B /* SoftwareVersion.swift */,
				310BC608290D10FE0059D04A /* CommandLineParser.swift */,
				310BC60A290D11C20059D04A /* Modules.swift */,
			);
			path = Keychain;
			sourceTree = "<group>";
		};
/* End PBXGroup section */

/* Begin PBXNativeTarget section */
		315E7752290C14CA0069A47B /* Keychain */ = {
			isa = PBXNativeTarget;
			buildConfigurationList = 315E775A290C14CA0069A47B /* Build configuration list for PBXNativeTarget "Keychain" */;
			buildPhases = (
				315E774F290C14CA0069A47B /* Sources */,
				315E7750290C14CA0069A47B /* Frameworks */,
				315E7751290C14CA0069A47B /* CopyFiles */,
			);
			buildRules = (
			);
			dependencies = (
			);
			name = Keychain;
			packageProductDependencies = (
				315E7760290C6AE30069A47B /* SwiftSoup */,
			);
			productName = Keychain;
			productReference = 315E7753290C14CA0069A47B /* keychain */;
			productType = "com.apple.product-type.tool";
		};
/* End PBXNativeTarget section */

/* Begin PBXProject section */
		315E774B290C14CA0069A47B /* Project object */ = {
			isa = PBXProject;
			attributes = {
				BuildIndependentTargetsInParallel = 1;
				LastSwiftUpdateCheck = 1400;
				LastUpgradeCheck = 1400;
				TargetAttributes = {
					315E7752290C14CA0069A47B = {
						CreatedOnToolsVersion = 14.0.1;
					};
				};
			};
			buildConfigurationList = 315E774E290C14CA0069A47B /* Build configuration list for PBXProject "Keychain" */;
			compatibilityVersion = "Xcode 14.0";
			developmentRegion = en;
			hasScannedForEncodings = 0;
			knownRegions = (
				en,
				Base,
			);
			mainGroup = 315E774A290C14CA0069A47B;
			packageReferences = (
				315E775F290C6AE30069A47B /* XCRemoteSwiftPackageReference "SwiftSoup" */,
			);
			productRefGroup = 315E7754290C14CA0069A47B /* Products */;
			projectDirPath = "";
			projectRoot = "";
			targets = (
				315E7752290C14CA0069A47B /* Keychain */,
			);
		};
/* End PBXProject section */

/* Begin PBXSourcesBuildPhase section */
		315E774F290C14CA0069A47B /* Sources */ = {
			isa = PBXSourcesBuildPhase;
			buildActionMask = 2147483647;
			files = (
				315E7757290C14CA0069A47B /* main.swift in Sources */,
				310BC60B290D11C20059D04A /* Modules.swift in Sources */,
				315E775E290C17E30069A47B /* SoftwareVersion.swift in Sources */,
				310BC609290D10FE0059D04A /* CommandLineParser.swift in Sources */,
			);
			runOnlyForDeploymentPostprocessing = 0;
		};
/* End PBXSourcesBuildPhase section */

/* Begin XCBuildConfiguration section */
		315E7758290C14CA0069A47B /* Debug */ = {
			isa = XCBuildConfiguration;
			buildSettings = {
				ALWAYS_SEARCH_USER_PATHS = NO;
				CLANG_ANALYZER_NONNULL = YES;
				CLANG_ANALYZER_NUMBER_OBJECT_CONVERSION = YES_AGGRESSIVE;
				CLANG_CXX_LANGUAGE_STANDARD = "gnu++20";
				CLANG_ENABLE_MODULES = YES;
				CLANG_ENABLE_OBJC_ARC = YES;
				CLANG_ENABLE_OBJC_WEAK = YES;
				CLANG_WARN_BLOCK_CAPTURE_AUTORELEASING = YES;
				CLANG_WARN_BOOL_CONVERSION = YES;
				CLANG_WARN_COMMA = YES;
				CLANG_WARN_CONSTANT_CONVERSION = YES;
				CLANG_WARN_DEPRECATED_OBJC_IMPLEMENTATIONS = YES;
				CLANG_WARN_DIRECT_OBJC_ISA_USAGE = YES_ERROR;
				CLANG_WARN_DOCUMENTATION_COMMENTS = YES;
				CLANG_WARN_EMPTY_BODY = YES;
				CLANG_WARN_ENUM_CONVERSION = YES;
				CLANG_WARN_INFINITE_RECURSION = YES;
				CLANG_WARN_INT_CONVERSION = YES;
				CLANG_WARN_NON_LITERAL_NULL_CONVERSION = YES;
				CLANG_WARN_OBJC_IMPLICIT_RETAIN_SELF = YES;
				CLANG_WARN_OBJC_LITERAL_CONVERSION = YES;
				CLANG_WARN_OBJC_ROOT_CLASS = YES_ERROR;
				CLANG_WARN_QUOTED_INCLUDE_IN_FRAMEWORK_HEADER = YES;
				CLANG_WARN_RANGE_LOOP_ANALYSIS = YES;
				CLANG_WARN_STRICT_PROTOTYPES = YES;
				CLANG_WARN_SUSPICIOUS_MOVE = YES;
				CLANG_WARN_UNGUARDED_AVAILABILITY = YES_AGGRESSIVE;
				CLANG_WARN_UNREACHABLE_CODE = YES;
				CLANG_WARN__DUPLICATE_METHOD_MATCH = YES;
				COPY_PHASE_STRIP = NO;
				DEBUG_INFORMATION_FORMAT = dwarf;
				ENABLE_STRICT_OBJC_MSGSEND = YES;
				ENABLE_TESTABILITY = YES;
				GCC_C_LANGUAGE_STANDARD = gnu11;
				GCC_DYNAMIC_NO_PIC = NO;
				GCC_NO_COMMON_BLOCKS = YES;
				GCC_OPTIMIZATION_LEVEL = 0;
				GCC_PREPROCESSOR_DEFINITIONS = (
					"DEBUG=1",
					"$(inherited)",
				);
				GCC_WARN_64_TO_32_BIT_CONVERSION = YES;
				GCC_WARN_ABOUT_RETURN_TYPE = YES_ERROR;
				GCC_WARN_UNDECLARED_SELECTOR = YES;
				GCC_WARN_UNINITIALIZED_AUTOS = YES_AGGRESSIVE;
				GCC_WARN_UNUSED_FUNCTION = YES;
				GCC_WARN_UNUSED_VARIABLE = YES;
				MACOSX_DEPLOYMENT_TARGET = 12.3;
				MTL_ENABLE_DEBUG_INFO = INCLUDE_SOURCE;
				MTL_FAST_MATH = YES;
				ONLY_ACTIVE_ARCH = YES;
				SDKROOT = macosx;
				SWIFT_ACTIVE_COMPILATION_CONDITIONS = DEBUG;
				SWIFT_OPTIMIZATION_LEVEL = "-Onone";
			};
			name = Debug;
		};
		315E7759290C14CA0069A47B /* Release */ = {
			isa = XCBuildConfiguration;
			buildSettings = {
				ALWAYS_SEARCH_USER_PATHS = NO;
				CLANG_ANALYZER_NONNULL = YES;
				CLANG_ANALYZER_NUMBER_OBJECT_CONVERSION = YES_AGGRESSIVE;
				CLANG_CXX_LANGUAGE_STANDARD = "gnu++20";
				CLANG_ENABLE_MODULES = YES;
				CLANG_ENABLE_OBJC_ARC = YES;
				CLANG_ENABLE_OBJC_WEAK = YES;
				CLANG_WARN_BLOCK_CAPTURE_AUTORELEASING = YES;
				CLANG_WARN_BOOL_CONVERSION = YES;
				CLANG_WARN_COMMA = YES;
				CLANG_WARN_CONSTANT_CONVERSION = YES;
				CLANG_WARN_DEPRECATED_OBJC_IMPLEMENTATIONS = YES;
				CLANG_WARN_DIRECT_OBJC_ISA_USAGE = YES_ERROR;
				CLANG_WARN_DOCUMENTATION_COMMENTS = YES;
				CLANG_WARN_EMPTY_BODY = YES;
				CLANG_WARN_ENUM_CONVERSION = YES;
				CLANG_WARN_INFINITE_RECURSION = YES;
				CLANG_WARN_INT_CONVERSION = YES;
				CLANG_WARN_NON_LITERAL_NULL_CONVERSION = YES;
				CLANG_WARN_OBJC_IMPLICIT_RETAIN_SELF = YES;
				CLANG_WARN_OBJC_LITERAL_CONVERSION = YES;
				CLANG_WARN_OBJC_ROOT_CLASS = YES_ERROR;
				CLANG_WARN_QUOTED_INCLUDE_IN_FRAMEWORK_HEADER = YES;
				CLANG_WARN_RANGE_LOOP_ANALYSIS = YES;
				CLANG_WARN_STRICT_PROTOTYPES = YES;
				CLANG_WARN_SUSPICIOUS_MOVE = YES;
				CLANG_WARN_UNGUARDED_AVAILABILITY = YES_AGGRESSIVE;
				CLANG_WARN_UNREACHABLE_CODE = YES;
				CLANG_WARN__DUPLICATE_METHOD_MATCH = YES;
				COPY_PHASE_STRIP = NO;
				DEBUG_INFORMATION_FORMAT = "dwarf-with-dsym";
				ENABLE_NS_ASSERTIONS = NO;
				ENABLE_STRICT_OBJC_MSGSEND = YES;
				GCC_C_LANGUAGE_STANDARD = gnu11;
				GCC_NO_COMMON_BLOCKS = YES;
				GCC_WARN_64_TO_32_BIT_CONVERSION = YES;
				GCC_WARN_ABOUT_RETURN_TYPE = YES_ERROR;
				GCC_WARN_UNDECLARED_SELECTOR = YES;
				GCC_WARN_UNINITIALIZED_AUTOS = YES_AGGRESSIVE;
				GCC_WARN_UNUSED_FUNCTION = YES;
				GCC_WARN_UNUSED_VARIABLE = YES;
				MACOSX_DEPLOYMENT_TARGET = 12.3;
				MTL_ENABLE_DEBUG_INFO = NO;
				MTL_FAST_MATH = YES;
				SDKROOT = macosx;
				SWIFT_COMPILATION_MODE = wholemodule;
				SWIFT_OPTIMIZATION_LEVEL = "-O";
			};
			name = Release;
		};
		315E775B290C14CA0069A47B /* Debug */ = {
			isa = XCBuildConfiguration;
			buildSettings = {
				CODE_SIGN_STYLE = Automatic;
				DEVELOPMENT_TEAM = 76V43E9CWT;
				ENABLE_HARDENED_RUNTIME = YES;
				INFOPLIST_FILE = "$(SRCROOT)/Keychain/Info.plist";
				PRODUCT_NAME = keychain;
				SWIFT_VERSION = 5.0;
			};
			name = Debug;
		};
		315E775C290C14CA0069A47B /* Release */ = {
			isa = XCBuildConfiguration;
			buildSettings = {
				CODE_SIGN_STYLE = Automatic;
				DEVELOPMENT_TEAM = 76V43E9CWT;
				ENABLE_HARDENED_RUNTIME = YES;
				INFOPLIST_FILE = "$(SRCROOT)/Keychain/Info.plist";
				PRODUCT_NAME = keychain;
				SWIFT_VERSION = 5.0;
			};
			name = Release;
		};
/* End XCBuildConfiguration section */

/* Begin XCConfigurationList section */
		315E774E290C14CA0069A47B /* Build configuration list for PBXProject "Keychain" */ = {
			isa = XCConfigurationList;
			buildConfigurations = (
				315E7758290C14CA0069A47B /* Debug */,
				315E7759290C14CA0069A47B /* Release */,
			);
			defaultConfigurationIsVisible = 0;
			defaultConfigurationName = Release;
		};
		315E775A290C14CA0069A47B /* Build configuration list for PBXNativeTarget "Keychain" */ = {
			isa = XCConfigurationList;
			buildConfigurations = (
				315E775B290C14CA0069A47B /* Debug */,
				315E775C290C14CA0069A47B /* Release */,
			);
			defaultConfigurationIsVisible = 0;
			defaultConfigurationName = Release;
		};
/* End XCConfigurationList section */

/* Begin XCRemoteSwiftPackageReference section */
		315E775F290C6AE30069A47B /* XCRemoteSwiftPackageReference "SwiftSoup" */ = {
			isa = XCRemoteSwiftPackageReference;
			repositoryURL = "https://github.com/scinfu/SwiftSoup";
			requirement = {
				branch = master;
				kind = branch;
			};
		};
/* End XCRemoteSwiftPackageReference section */

/* Begin XCSwiftPackageProductDependency section */
		315E7760290C6AE30069A47B /* SwiftSoup */ = {
			isa = XCSwiftPackageProductDependency;
			package = 315E775F290C6AE30069A47B /* XCRemoteSwiftPackageReference "SwiftSoup" */;
			productName = SwiftSoup;
		};
/* End XCSwiftPackageProductDependency section */
	};
	rootObject = 315E774B290C14CA0069A47B /* Project object */;
}
