// !$*UTF8*$!
{
	archiveVersion = 1;
	classes = {
	};
	objectVersion = 56;
	objects = {

/* Begin PBXBuildFile section */
		310BC609290D10FE0059D04A /* CommandLineParser.swift in Sources */ = {isa = PBXBuildFile; fileRef = 310BC608290D10FE0059D04A /* CommandLineParser.swift */; };
		310BC60B290D11C20059D04A /* Modules.swift in Sources */ = {isa = PBXBuildFile; fileRef = 310BC60A290D11C20059D04A /* Modules.swift */; };
		310E56AB290DD8C700F8420E /* SwiftSoup in Frameworks */ = {isa = PBXBuildFile; productRef = 310E56AA290DD8C700F8420E /* SwiftSoup */; };
		310E56AD290DD96700F8420E /* ImageChoiceView.swift in Sources */ = {isa = PBXBuildFile; fileRef = 310E56AC290DD96700F8420E /* ImageChoiceView.swift */; };
		310E56AF290DDE1300F8420E /* SoftwareVersion.swift in Sources */ = {isa = PBXBuildFile; fileRef = 310E56AE290DDE1300F8420E /* SoftwareVersion.swift */; };
		311B827B290DCE440072CE01 /* KeychainAppApp.swift in Sources */ = {isa = PBXBuildFile; fileRef = 311B827A290DCE440072CE01 /* KeychainAppApp.swift */; };
		311B827D290DCE440072CE01 /* InputView.swift in Sources */ = {isa = PBXBuildFile; fileRef = 311B827C290DCE440072CE01 /* InputView.swift */; };
		311B827F290DCE450072CE01 /* Assets.xcassets in Resources */ = {isa = PBXBuildFile; fileRef = 311B827E290DCE450072CE01 /* Assets.xcassets */; };
		311B8282290DCE450072CE01 /* Preview Assets.xcassets in Resources */ = {isa = PBXBuildFile; fileRef = 311B8281290DCE450072CE01 /* Preview Assets.xcassets */; };
		315E7757290C14CA0069A47B /* main.swift in Sources */ = {isa = PBXBuildFile; fileRef = 315E7756290C14CA0069A47B /* main.swift */; };
		315E775E290C17E30069A47B /* SoftwareVersion.swift in Sources */ = {isa = PBXBuildFile; fileRef = 315E775D290C17E30069A47B /* SoftwareVersion.swift */; };
		315E7761290C6AE30069A47B /* SwiftSoup in Frameworks */ = {isa = PBXBuildFile; productRef = 315E7760290C6AE30069A47B /* SwiftSoup */; };
		316961F3290EC3F900BD5054 /* IPSW-API-Response.swift in Sources */ = {isa = PBXBuildFile; fileRef = 316961F2290EC3F900BD5054 /* IPSW-API-Response.swift */; };
		31DCF400291012CC0095B7EF /* Alamofire in Frameworks */ = {isa = PBXBuildFile; productRef = 31DCF3FF291012CC0095B7EF /* Alamofire */; };
		31DCF402291014A20095B7EF /* Alamofire in Frameworks */ = {isa = PBXBuildFile; productRef = 31DCF401291014A20095B7EF /* Alamofire */; };
/* End PBXBuildFile section */

/* Begin PBXCopyFilesBuildPhase section */
		315E7751290C14CA0069A47B /* CopyFiles */ = {
			isa = PBXCopyFilesBuildPhase;
			buildActionMask = 2147483647;
			dstPath = /usr/share/man/man1/;
			dstSubfolderSpec = 0;
			files = (
			);
			runOnlyForDeploymentPostprocessing = 1;
		};
/* End PBXCopyFilesBuildPhase section */

/* Begin PBXFileReference section */
		310BC608290D10FE0059D04A /* CommandLineParser.swift */ = {isa = PBXFileReference; lastKnownFileType = sourcecode.swift; path = CommandLineParser.swift; sourceTree = "<group>"; };
		310BC60A290D11C20059D04A /* Modules.swift */ = {isa = PBXFileReference; lastKnownFileType = sourcecode.swift; path = Modules.swift; sourceTree = "<group>"; };
		310E56AC290DD96700F8420E /* ImageChoiceView.swift */ = {isa = PBXFileReference; lastKnownFileType = sourcecode.swift; path = ImageChoiceView.swift; sourceTree = "<group>"; };
		310E56AE290DDE1300F8420E /* SoftwareVersion.swift */ = {isa = PBXFileReference; lastKnownFileType = sourcecode.swift; path = SoftwareVersion.swift; sourceTree = "<group>"; };
		311B8278290DCE440072CE01 /* KeychainApp.app */ = {isa = PBXFileReference; explicitFileType = wrapper.application; includeInIndex = 0; path = KeychainApp.app; sourceTree = BUILT_PRODUCTS_DIR; };
		311B827A290DCE440072CE01 /* KeychainAppApp.swift */ = {isa = PBXFileReference; lastKnownFileType = sourcecode.swift; path = KeychainAppApp.swift; sourceTree = "<group>"; };
		311B827C290DCE440072CE01 /* InputView.swift */ = {isa = PBXFileReference; lastKnownFileType = sourcecode.swift; path = InputView.swift; sourceTree = "<group>"; };
		311B827E290DCE450072CE01 /* Assets.xcassets */ = {isa = PBXFileReference; lastKnownFileType = folder.assetcatalog; path = Assets.xcassets; sourceTree = "<group>"; };
		311B8281290DCE450072CE01 /* Preview Assets.xcassets */ = {isa = PBXFileReference; lastKnownFileType = folder.assetcatalog; path = "Preview Assets.xcassets"; sourceTree = "<group>"; };
		311B8283290DCE450072CE01 /* KeychainApp.entitlements */ = {isa = PBXFileReference; lastKnownFileType = text.plist.entitlements; path = KeychainApp.entitlements; sourceTree = "<group>"; };
		311B82BB290DD0860072CE01 /* Info.plist */ = {isa = PBXFileReference; lastKnownFileType = text.plist; path = Info.plist; sourceTree = "<group>"; };
		315E7753290C14CA0069A47B /* keychain */ = {isa = PBXFileReference; explicitFileType = "compiled.mach-o.executable"; includeInIndex = 0; path = keychain; sourceTree = BUILT_PRODUCTS_DIR; };
		315E7756290C14CA0069A47B /* main.swift */ = {isa = PBXFileReference; lastKnownFileType = sourcecode.swift; path = main.swift; sourceTree = "<group>"; };
		315E775D290C17E30069A47B /* SoftwareVersion.swift */ = {isa = PBXFileReference; lastKnownFileType = sourcecode.swift; path = SoftwareVersion.swift; sourceTree = "<group>"; };
		316961F2290EC3F900BD5054 /* IPSW-API-Response.swift */ = {isa = PBXFileReference; lastKnownFileType = sourcecode.swift; path = "IPSW-API-Response.swift"; sourceTree = "<group>"; };
/* End PBXFileReference section */

/* Begin PBXFrameworksBuildPhase section */
		311B8275290DCE440072CE01 /* Frameworks */ = {
			isa = PBXFrameworksBuildPhase;
			buildActionMask = 2147483647;
			files = (
				310E56AB290DD8C700F8420E /* SwiftSoup in Frameworks */,
				31DCF402291014A20095B7EF /* Alamofire in Frameworks */,
			);
			runOnlyForDeploymentPostprocessing = 0;
		};
		315E7750290C14CA0069A47B /* Frameworks */ = {
			isa = PBXFrameworksBuildPhase;
			buildActionMask = 2147483647;
			files = (
				315E7761290C6AE30069A47B /* SwiftSoup in Frameworks */,
				31DCF400291012CC0095B7EF /* Alamofire in Frameworks */,
			);
			runOnlyForDeploymentPostprocessing = 0;
		};
/* End PBXFrameworksBuildPhase section */

/* Begin PBXGroup section */
		310E56A9290DD8C700F8420E /* Frameworks */ = {
			isa = PBXGroup;
			children = (
			);
			name = Frameworks;
			sourceTree = "<group>";
		};
		311B8279290DCE440072CE01 /* KeychainApp */ = {
			isa = PBXGroup;
			children = (
				311B82BB290DD0860072CE01 /* Info.plist */,
				311B827A290DCE440072CE01 /* KeychainAppApp.swift */,
				311B827C290DCE440072CE01 /* InputView.swift */,
				311B827E290DCE450072CE01 /* Assets.xcassets */,
				311B8283290DCE450072CE01 /* KeychainApp.entitlements */,
				311B8280290DCE450072CE01 /* Preview Content */,
				310E56AC290DD96700F8420E /* ImageChoiceView.swift */,
				310E56AE290DDE1300F8420E /* SoftwareVersion.swift */,
				316961F2290EC3F900BD5054 /* IPSW-API-Response.swift */,
			);
			path = KeychainApp;
			sourceTree = "<group>";
		};
		311B8280290DCE450072CE01 /* Preview Content */ = {
			isa = PBXGroup;
			children = (
				311B8281290DCE450072CE01 /* Preview Assets.xcassets */,
			);
			path = "Preview Content";
			sourceTree = "<group>";
		};
		315E774A290C14CA0069A47B = {
			isa = PBXGroup;
			children = (
				315E7755290C14CA0069A47B /* KeychainCLI */,
				311B8279290DCE440072CE01 /* KeychainApp */,
				315E7754290C14CA0069A47B /* Products */,
				310E56A9290DD8C700F8420E /* Frameworks */,
			);
			sourceTree = "<group>";
		};
		315E7754290C14CA0069A47B /* Products */ = {
			isa = PBXGroup;
			children = (
				315E7753290C14CA0069A47B /* keychain */,
				311B8278290DCE440072CE01 /* KeychainApp.app */,
			);
			name = Products;
			sourceTree = "<group>";
		};
		315E7755290C14CA0069A47B /* KeychainCLI */ = {
			isa = PBXGroup;
			children = (
				315E7756290C14CA0069A47B /* main.swift */,
				315E775D290C17E30069A47B /* SoftwareVersion.swift */,
				310BC608290D10FE0059D04A /* CommandLineParser.swift */,
				310BC60A290D11C20059D04A /* Modules.swift */,
			);
			path = KeychainCLI;
			sourceTree = "<group>";
		};
/* End PBXGroup section */

/* Begin PBXNativeTarget section */
		311B8277290DCE440072CE01 /* KeychainApp */ = {
			isa = PBXNativeTarget;
			buildConfigurationList = 311B8286290DCE450072CE01 /* Build configuration list for PBXNativeTarget "KeychainApp" */;
			buildPhases = (
				311B8274290DCE440072CE01 /* Sources */,
				311B8275290DCE440072CE01 /* Frameworks */,
				311B8276290DCE440072CE01 /* Resources */,
			);
			buildRules = (
			);
			dependencies = (
			);
			name = KeychainApp;
			packageProductDependencies = (
				310E56AA290DD8C700F8420E /* SwiftSoup */,
				31DCF401291014A20095B7EF /* Alamofire */,
			);
			productName = KeychainApp;
			productReference = 311B8278290DCE440072CE01 /* KeychainApp.app */;
			productType = "com.apple.product-type.application";
		};
		315E7752290C14CA0069A47B /* KeychainCLI */ = {
			isa = PBXNativeTarget;
			buildConfigurationList = 315E775A290C14CA0069A47B /* Build configuration list for PBXNativeTarget "KeychainCLI" */;
			buildPhases = (
				315E774F290C14CA0069A47B /* Sources */,
				315E7750290C14CA0069A47B /* Frameworks */,
				315E7751290C14CA0069A47B /* CopyFiles */,
			);
			buildRules = (
			);
			dependencies = (
				31A4FF63290DD7DC00634392 /* PBXTargetDependency */,
			);
			name = KeychainCLI;
			packageProductDependencies = (
				315E7760290C6AE30069A47B /* SwiftSoup */,
				31DCF3FF291012CC0095B7EF /* Alamofire */,
			);
			productName = Keychain;
			productReference = 315E7753290C14CA0069A47B /* keychain */;
			productType = "com.apple.product-type.tool";
		};
/* End PBXNativeTarget section */

/* Begin PBXProject section */
		315E774B290C14CA0069A47B /* Project object */ = {
			isa = PBXProject;
			attributes = {
				BuildIndependentTargetsInParallel = 1;
				LastSwiftUpdateCheck = 1400;
				LastUpgradeCheck = 1400;
				TargetAttributes = {
					311B8277290DCE440072CE01 = {
						CreatedOnToolsVersion = 14.0.1;
						LastSwiftMigration = 1400;
					};
					315E7752290C14CA0069A47B = {
						CreatedOnToolsVersion = 14.0.1;
						LastSwiftMigration = 1400;
					};
				};
			};
			buildConfigurationList = 315E774E290C14CA0069A47B /* Build configuration list for PBXProject "Keychain" */;
			compatibilityVersion = "Xcode 14.0";
			developmentRegion = en;
			hasScannedForEncodings = 0;
			knownRegions = (
				en,
				Base,
			);
			mainGroup = 315E774A290C14CA0069A47B;
			packageReferences = (
				315E775F290C6AE30069A47B /* XCRemoteSwiftPackageReference "SwiftSoup" */,
				31DCF3FE291012CC0095B7EF /* XCRemoteSwiftPackageReference "Alamofire" */,
			);
			productRefGroup = 315E7754290C14CA0069A47B /* Products */;
			projectDirPath = "";
			projectRoot = "";
			targets = (
				315E7752290C14CA0069A47B /* KeychainCLI */,
				311B8277290DCE440072CE01 /* KeychainApp */,
			);
		};
/* End PBXProject section */

/* Begin PBXResourcesBuildPhase section */
		311B8276290DCE440072CE01 /* Resources */ = {
			isa = PBXResourcesBuildPhase;
			buildActionMask = 2147483647;
			files = (
				311B8282290DCE450072CE01 /* Preview Assets.xcassets in Resources */,
				311B827F290DCE450072CE01 /* Assets.xcassets in Resources */,
			);
			runOnlyForDeploymentPostprocessing = 0;
		};
/* End PBXResourcesBuildPhase section */

/* Begin PBXSourcesBuildPhase section */
		311B8274290DCE440072CE01 /* Sources */ = {
			isa = PBXSourcesBuildPhase;
			buildActionMask = 2147483647;
			files = (
				310E56AF290DDE1300F8420E /* SoftwareVersion.swift in Sources */,
				311B827D290DCE440072CE01 /* InputView.swift in Sources */,
				316961F3290EC3F900BD5054 /* IPSW-API-Response.swift in Sources */,
				310E56AD290DD96700F8420E /* ImageChoiceView.swift in Sources */,
				311B827B290DCE440072CE01 /* KeychainAppApp.swift in Sources */,
			);
			runOnlyForDeploymentPostprocessing = 0;
		};
		315E774F290C14CA0069A47B /* Sources */ = {
			isa = PBXSourcesBuildPhase;
			buildActionMask = 2147483647;
			files = (
				315E7757290C14CA0069A47B /* main.swift in Sources */,
				310BC60B290D11C20059D04A /* Modules.swift in Sources */,
				315E775E290C17E30069A47B /* SoftwareVersion.swift in Sources */,
				310BC609290D10FE0059D04A /* CommandLineParser.swift in Sources */,
			);
			runOnlyForDeploymentPostprocessing = 0;
		};
/* End PBXSourcesBuildPhase section */

/* Begin PBXTargetDependency section */
		31A4FF63290DD7DC00634392 /* PBXTargetDependency */ = {
			isa = PBXTargetDependency;
			productRef = 31A4FF62290DD7DC00634392 /* SwiftSoup */;
		};
/* End PBXTargetDependency section */

/* Begin XCBuildConfiguration section */
		311B8284290DCE450072CE01 /* Debug */ = {
			isa = XCBuildConfiguration;
			buildSettings = {
				ASSETCATALOG_COMPILER_APPICON_NAME = AppIcon;
				ASSETCATALOG_COMPILER_GLOBAL_ACCENT_COLOR_NAME = AccentColor;
				CLANG_ENABLE_MODULES = YES;
				CODE_SIGN_ENTITLEMENTS = KeychainApp/KeychainApp.entitlements;
				CODE_SIGN_STYLE = Automatic;
				COMBINE_HIDPI_IMAGES = YES;
				CURRENT_PROJECT_VERSION = 1;
				DEVELOPMENT_ASSET_PATHS = "\"KeychainApp/Preview Content\"";
				DEVELOPMENT_TEAM = 76V43E9CWT;
				ENABLE_HARDENED_RUNTIME = YES;
				ENABLE_PREVIEWS = YES;
				GENERATE_INFOPLIST_FILE = YES;
				INFOPLIST_FILE = KeychainApp/Info.plist;
				INFOPLIST_KEY_LSUIElement = YES;
				INFOPLIST_KEY_NSHumanReadableCopyright = "";
				LD_RUNPATH_SEARCH_PATHS = (
					"$(inherited)",
					"@executable_path/../Frameworks",
				);
				MARKETING_VERSION = 1.0;
				PRODUCT_BUNDLE_IDENTIFIER = com.Alfie.KeychainApp;
				PRODUCT_NAME = "$(TARGET_NAME)";
				SWIFT_EMIT_LOC_STRINGS = YES;
				SWIFT_OPTIMIZATION_LEVEL = "-Onone";
				SWIFT_VERSION = 5.0;
			};
			name = Debug;
		};
		311B8285290DCE450072CE01 /* Release */ = {
			isa = XCBuildConfiguration;
			buildSettings = {
				ASSETCATALOG_COMPILER_APPICON_NAME = AppIcon;
				ASSETCATALOG_COMPILER_GLOBAL_ACCENT_COLOR_NAME = AccentColor;
				CLANG_ENABLE_MODULES = YES;
				CODE_SIGN_ENTITLEMENTS = KeychainApp/KeychainApp.entitlements;
				CODE_SIGN_STYLE = Automatic;
				COMBINE_HIDPI_IMAGES = YES;
				CURRENT_PROJECT_VERSION = 1;
				DEVELOPMENT_ASSET_PATHS = "\"KeychainApp/Preview Content\"";
				DEVELOPMENT_TEAM = 76V43E9CWT;
				ENABLE_HARDENED_RUNTIME = YES;
				ENABLE_PREVIEWS = YES;
				GENERATE_INFOPLIST_FILE = YES;
				INFOPLIST_FILE = KeychainApp/Info.plist;
				INFOPLIST_KEY_LSUIElement = YES;
				INFOPLIST_KEY_NSHumanReadableCopyright = "";
				LD_RUNPATH_SEARCH_PATHS = (
					"$(inherited)",
					"@executable_path/../Frameworks",
				);
				MARKETING_VERSION = 1.0;
				PRODUCT_BUNDLE_IDENTIFIER = com.Alfie.KeychainApp;
				PRODUCT_NAME = "$(TARGET_NAME)";
				SWIFT_EMIT_LOC_STRINGS = YES;
				SWIFT_VERSION = 5.0;
			};
			name = Release;
		};
		315E7758290C14CA0069A47B /* Debug */ = {
			isa = XCBuildConfiguration;
			buildSettings = {
				ALWAYS_SEARCH_USER_PATHS = NO;
				CLANG_ANALYZER_NONNULL = YES;
				CLANG_ANALYZER_NUMBER_OBJECT_CONVERSION = YES_AGGRESSIVE;
				CLANG_CXX_LANGUAGE_STANDARD = "gnu++20";
				CLANG_ENABLE_MODULES = YES;
				CLANG_ENABLE_OBJC_ARC = YES;
				CLANG_ENABLE_OBJC_WEAK = YES;
				CLANG_WARN_BLOCK_CAPTURE_AUTORELEASING = YES;
				CLANG_WARN_BOOL_CONVERSION = YES;
				CLANG_WARN_COMMA = YES;
				CLANG_WARN_CONSTANT_CONVERSION = YES;
				CLANG_WARN_DEPRECATED_OBJC_IMPLEMENTATIONS = YES;
				CLANG_WARN_DIRECT_OBJC_ISA_USAGE = YES_ERROR;
				CLANG_WARN_DOCUMENTATION_COMMENTS = YES;
				CLANG_WARN_EMPTY_BODY = YES;
				CLANG_WARN_ENUM_CONVERSION = YES;
				CLANG_WARN_INFINITE_RECURSION = YES;
				CLANG_WARN_INT_CONVERSION = YES;
				CLANG_WARN_NON_LITERAL_NULL_CONVERSION = YES;
				CLANG_WARN_OBJC_IMPLICIT_RETAIN_SELF = YES;
				CLANG_WARN_OBJC_LITERAL_CONVERSION = YES;
				CLANG_WARN_OBJC_ROOT_CLASS = YES_ERROR;
				CLANG_WARN_QUOTED_INCLUDE_IN_FRAMEWORK_HEADER = YES;
				CLANG_WARN_RANGE_LOOP_ANALYSIS = YES;
				CLANG_WARN_STRICT_PROTOTYPES = YES;
				CLANG_WARN_SUSPICIOUS_MOVE = YES;
				CLANG_WARN_UNGUARDED_AVAILABILITY = YES_AGGRESSIVE;
				CLANG_WARN_UNREACHABLE_CODE = YES;
				CLANG_WARN__DUPLICATE_METHOD_MATCH = YES;
				COPY_PHASE_STRIP = NO;
				DEBUG_INFORMATION_FORMAT = dwarf;
				ENABLE_STRICT_OBJC_MSGSEND = YES;
				ENABLE_TESTABILITY = YES;
				GCC_C_LANGUAGE_STANDARD = gnu11;
				GCC_DYNAMIC_NO_PIC = NO;
				GCC_NO_COMMON_BLOCKS = YES;
				GCC_OPTIMIZATION_LEVEL = 0;
				GCC_PREPROCESSOR_DEFINITIONS = (
					"DEBUG=1",
					"$(inherited)",
				);
				GCC_WARN_64_TO_32_BIT_CONVERSION = YES;
				GCC_WARN_ABOUT_RETURN_TYPE = YES_ERROR;
				GCC_WARN_UNDECLARED_SELECTOR = YES;
				GCC_WARN_UNINITIALIZED_AUTOS = YES_AGGRESSIVE;
				GCC_WARN_UNUSED_FUNCTION = YES;
				GCC_WARN_UNUSED_VARIABLE = YES;
				MACOSX_DEPLOYMENT_TARGET = 12.3;
				MTL_ENABLE_DEBUG_INFO = INCLUDE_SOURCE;
				MTL_FAST_MATH = YES;
				ONLY_ACTIVE_ARCH = YES;
				SDKROOT = macosx;
				SWIFT_ACTIVE_COMPILATION_CONDITIONS = DEBUG;
				SWIFT_OPTIMIZATION_LEVEL = "-Onone";
			};
			name = Debug;
		};
		315E7759290C14CA0069A47B /* Release */ = {
			isa = XCBuildConfiguration;
			buildSettings = {
				ALWAYS_SEARCH_USER_PATHS = NO;
				CLANG_ANALYZER_NONNULL = YES;
				CLANG_ANALYZER_NUMBER_OBJECT_CONVERSION = YES_AGGRESSIVE;
				CLANG_CXX_LANGUAGE_STANDARD = "gnu++20";
				CLANG_ENABLE_MODULES = YES;
				CLANG_ENABLE_OBJC_ARC = YES;
				CLANG_ENABLE_OBJC_WEAK = YES;
				CLANG_WARN_BLOCK_CAPTURE_AUTORELEASING = YES;
				CLANG_WARN_BOOL_CONVERSION = YES;
				CLANG_WARN_COMMA = YES;
				CLANG_WARN_CONSTANT_CONVERSION = YES;
				CLANG_WARN_DEPRECATED_OBJC_IMPLEMENTATIONS = YES;
				CLANG_WARN_DIRECT_OBJC_ISA_USAGE = YES_ERROR;
				CLANG_WARN_DOCUMENTATION_COMMENTS = YES;
				CLANG_WARN_EMPTY_BODY = YES;
				CLANG_WARN_ENUM_CONVERSION = YES;
				CLANG_WARN_INFINITE_RECURSION = YES;
				CLANG_WARN_INT_CONVERSION = YES;
				CLANG_WARN_NON_LITERAL_NULL_CONVERSION = YES;
				CLANG_WARN_OBJC_IMPLICIT_RETAIN_SELF = YES;
				CLANG_WARN_OBJC_LITERAL_CONVERSION = YES;
				CLANG_WARN_OBJC_ROOT_CLASS = YES_ERROR;
				CLANG_WARN_QUOTED_INCLUDE_IN_FRAMEWORK_HEADER = YES;
				CLANG_WARN_RANGE_LOOP_ANALYSIS = YES;
				CLANG_WARN_STRICT_PROTOTYPES = YES;
				CLANG_WARN_SUSPICIOUS_MOVE = YES;
				CLANG_WARN_UNGUARDED_AVAILABILITY = YES_AGGRESSIVE;
				CLANG_WARN_UNREACHABLE_CODE = YES;
				CLANG_WARN__DUPLICATE_METHOD_MATCH = YES;
				COPY_PHASE_STRIP = NO;
				DEBUG_INFORMATION_FORMAT = "dwarf-with-dsym";
				ENABLE_NS_ASSERTIONS = NO;
				ENABLE_STRICT_OBJC_MSGSEND = YES;
				GCC_C_LANGUAGE_STANDARD = gnu11;
				GCC_NO_COMMON_BLOCKS = YES;
				GCC_WARN_64_TO_32_BIT_CONVERSION = YES;
				GCC_WARN_ABOUT_RETURN_TYPE = YES_ERROR;
				GCC_WARN_UNDECLARED_SELECTOR = YES;
				GCC_WARN_UNINITIALIZED_AUTOS = YES_AGGRESSIVE;
				GCC_WARN_UNUSED_FUNCTION = YES;
				GCC_WARN_UNUSED_VARIABLE = YES;
				MACOSX_DEPLOYMENT_TARGET = 12.3;
				MTL_ENABLE_DEBUG_INFO = NO;
				MTL_FAST_MATH = YES;
				SDKROOT = macosx;
				SWIFT_COMPILATION_MODE = wholemodule;
				SWIFT_OPTIMIZATION_LEVEL = "-O";
			};
			name = Release;
		};
		315E775B290C14CA0069A47B /* Debug */ = {
			isa = XCBuildConfiguration;
			buildSettings = {
				CLANG_ENABLE_MODULES = YES;
				CODE_SIGN_STYLE = Automatic;
				DEVELOPMENT_TEAM = 76V43E9CWT;
				ENABLE_HARDENED_RUNTIME = YES;
				INFOPLIST_FILE = "$(SRCROOT)/Keychain/Info.plist";
				LD_RUNPATH_SEARCH_PATHS = (
					"$(inherited)",
					"@executable_path/../Frameworks",
					"@loader_path/../Frameworks",
				);
				PRODUCT_NAME = keychain;
				SWIFT_OPTIMIZATION_LEVEL = "-Onone";
				SWIFT_VERSION = 5.0;
			};
			name = Debug;
		};
		315E775C290C14CA0069A47B /* Release */ = {
			isa = XCBuildConfiguration;
			buildSettings = {
				CLANG_ENABLE_MODULES = YES;
				CODE_SIGN_STYLE = Automatic;
				DEVELOPMENT_TEAM = 76V43E9CWT;
				ENABLE_HARDENED_RUNTIME = YES;
				INFOPLIST_FILE = "$(SRCROOT)/Keychain/Info.plist";
				LD_RUNPATH_SEARCH_PATHS = (
					"$(inherited)",
					"@executable_path/../Frameworks",
					"@loader_path/../Frameworks",
				);
				PRODUCT_NAME = keychain;
				SWIFT_VERSION = 5.0;
			};
			name = Release;
		};
/* End XCBuildConfiguration section */

/* Begin XCConfigurationList section */
		311B8286290DCE450072CE01 /* Build configuration list for PBXNativeTarget "KeychainApp" */ = {
			isa = XCConfigurationList;
			buildConfigurations = (
				311B8284290DCE450072CE01 /* Debug */,
				311B8285290DCE450072CE01 /* Release */,
			);
			defaultConfigurationIsVisible = 0;
			defaultConfigurationName = Release;
		};
		315E774E290C14CA0069A47B /* Build configuration list for PBXProject "Keychain" */ = {
			isa = XCConfigurationList;
			buildConfigurations = (
				315E7758290C14CA0069A47B /* Debug */,
				315E7759290C14CA0069A47B /* Release */,
			);
			defaultConfigurationIsVisible = 0;
			defaultConfigurationName = Release;
		};
		315E775A290C14CA0069A47B /* Build configuration list for PBXNativeTarget "KeychainCLI" */ = {
			isa = XCConfigurationList;
			buildConfigurations = (
				315E775B290C14CA0069A47B /* Debug */,
				315E775C290C14CA0069A47B /* Release */,
			);
			defaultConfigurationIsVisible = 0;
			defaultConfigurationName = Release;
		};
/* End XCConfigurationList section */

/* Begin XCRemoteSwiftPackageReference section */
		315E775F290C6AE30069A47B /* XCRemoteSwiftPackageReference "SwiftSoup" */ = {
			isa = XCRemoteSwiftPackageReference;
			repositoryURL = "https://github.com/scinfu/SwiftSoup";
			requirement = {
				branch = master;
				kind = branch;
			};
		};
		31DCF3FE291012CC0095B7EF /* XCRemoteSwiftPackageReference "Alamofire" */ = {
			isa = XCRemoteSwiftPackageReference;
			repositoryURL = "https://github.com/Alamofire/Alamofire";
			requirement = {
				branch = master;
				kind = branch;
			};
		};
/* End XCRemoteSwiftPackageReference section */

/* Begin XCSwiftPackageProductDependency section */
		310E56AA290DD8C700F8420E /* SwiftSoup */ = {
			isa = XCSwiftPackageProductDependency;
			package = 315E775F290C6AE30069A47B /* XCRemoteSwiftPackageReference "SwiftSoup" */;
			productName = SwiftSoup;
		};
		315E7760290C6AE30069A47B /* SwiftSoup */ = {
			isa = XCSwiftPackageProductDependency;
			package = 315E775F290C6AE30069A47B /* XCRemoteSwiftPackageReference "SwiftSoup" */;
			productName = SwiftSoup;
		};
		31A4FF62290DD7DC00634392 /* SwiftSoup */ = {
			isa = XCSwiftPackageProductDependency;
			package = 315E775F290C6AE30069A47B /* XCRemoteSwiftPackageReference "SwiftSoup" */;
			productName = SwiftSoup;
		};
		31DCF3FF291012CC0095B7EF /* Alamofire */ = {
			isa = XCSwiftPackageProductDependency;
			package = 31DCF3FE291012CC0095B7EF /* XCRemoteSwiftPackageReference "Alamofire" */;
			productName = Alamofire;
		};
		31DCF401291014A20095B7EF /* Alamofire */ = {
			isa = XCSwiftPackageProductDependency;
			package = 31DCF3FE291012CC0095B7EF /* XCRemoteSwiftPackageReference "Alamofire" */;
			productName = Alamofire;
		};
/* End XCSwiftPackageProductDependency section */
	};
	rootObject = 315E774B290C14CA0069A47B /* Project object */;
}
